// !$*UTF8*$!
{
	archiveVersion = 1;
	classes = {
	};
	objectVersion = 48;
	objects = {

/* Begin PBXBuildFile section */
		06CDC3104358130281A2462B /* SearchViewControllerIO.swift in Sources */ = {isa = PBXBuildFile; fileRef = 4E86B413585A2D2F2689EAA7 /* SearchViewControllerIO.swift */; };
		2F0CD0A1ECEB9F73D12B170A /* AppNavigationController.swift in Sources */ = {isa = PBXBuildFile; fileRef = 2F0CD52EE1A9F2096AA38139 /* AppNavigationController.swift */; };
		323F7F4E22537CF7003AED3A /* SearchCell.swift in Sources */ = {isa = PBXBuildFile; fileRef = 323F7F4D22537CF7003AED3A /* SearchCell.swift */; };
		324089FD2253885C00464729 /* UIImageView.load.swift in Sources */ = {isa = PBXBuildFile; fileRef = 324089FC2253885C00464729 /* UIImageView.load.swift */; };
		32408A0022538A4800464729 /* NetworkError.swift in Sources */ = {isa = PBXBuildFile; fileRef = 324089FF22538A4800464729 /* NetworkError.swift */; };
		3240C5732254DC67003187C4 /* Photo+CoreDataClass.swift in Sources */ = {isa = PBXBuildFile; fileRef = 3240C5712254DC67003187C4 /* Photo+CoreDataClass.swift */; };
		3240C5762254DDE0003187C4 /* Photo+CoreDataProperties.swift in Sources */ = {isa = PBXBuildFile; fileRef = 3240C5752254DDE0003187C4 /* Photo+CoreDataProperties.swift */; };
		324CF59F2252A2C300B4D536 /* AppDelegate.swift in Sources */ = {isa = PBXBuildFile; fileRef = 324CF59E2252A2C300B4D536 /* AppDelegate.swift */; };
		324CF5A72252A2C300B4D536 /* pixabay.xcdatamodeld in Sources */ = {isa = PBXBuildFile; fileRef = 324CF5A52252A2C300B4D536 /* pixabay.xcdatamodeld */; };
		324CF5A92252A2C300B4D536 /* Assets.xcassets in Resources */ = {isa = PBXBuildFile; fileRef = 324CF5A82252A2C300B4D536 /* Assets.xcassets */; };
		324CF5AC2252A2C300B4D536 /* LaunchScreen.storyboard in Resources */ = {isa = PBXBuildFile; fileRef = 324CF5AA2252A2C300B4D536 /* LaunchScreen.storyboard */; };
		324CF5B62252B17400B4D536 /* Coordinator.swift in Sources */ = {isa = PBXBuildFile; fileRef = 324CF5B52252B17400B4D536 /* Coordinator.swift */; };
		7AEB4F5DE066A85388578027 /* SearchInteractorIO.swift in Sources */ = {isa = PBXBuildFile; fileRef = B6546FA4DA012845BE4A6FE9 /* SearchInteractorIO.swift */; };
		7E7174C04D31BB53294CF17C /* SearchHeader.swift in Sources */ = {isa = PBXBuildFile; fileRef = 7F180A21DD44F3E1ECB70C87 /* SearchHeader.swift */; };
		DB6A457549ECBAC65564E117 /* SearchHeaderIO.swift in Sources */ = {isa = PBXBuildFile; fileRef = A98AF74FEDE5C8DF47FA85F5 /* SearchHeaderIO.swift */; };
		DD8E0C1D04BD9C6007312FFA /* SearchViewController.swift in Sources */ = {isa = PBXBuildFile; fileRef = 060CE16786F415BFAF1B83F1 /* SearchViewController.swift */; };
		E3A0DC557E4F9EB38C954F7D /* SearchPresenter.swift in Sources */ = {isa = PBXBuildFile; fileRef = 1037901C956BABA47C0A36E4 /* SearchPresenter.swift */; };
		E56E9C54DF76DA0DD7D38014 /* SearchModel.swift in Sources */ = {isa = PBXBuildFile; fileRef = B8C2F79F40DE267807680421 /* SearchModel.swift */; };
		F0185CE29F2B4565F0423B2C /* SearchInteractor.swift in Sources */ = {isa = PBXBuildFile; fileRef = 62C9ACB69DF609032555312D /* SearchInteractor.swift */; };
/* End PBXBuildFile section */

/* Begin PBXFileReference section */
		060CE16786F415BFAF1B83F1 /* SearchViewController.swift */ = {isa = PBXFileReference; includeInIndex = 1; lastKnownFileType = sourcecode.swift; path = SearchViewController.swift; sourceTree = "<group>"; };
		1037901C956BABA47C0A36E4 /* SearchPresenter.swift */ = {isa = PBXFileReference; includeInIndex = 1; lastKnownFileType = sourcecode.swift; path = SearchPresenter.swift; sourceTree = "<group>"; };
		2F0CD52EE1A9F2096AA38139 /* AppNavigationController.swift */ = {isa = PBXFileReference; fileEncoding = 4; lastKnownFileType = sourcecode.swift; path = AppNavigationController.swift; sourceTree = "<group>"; };
		323F7F4D22537CF7003AED3A /* SearchCell.swift */ = {isa = PBXFileReference; lastKnownFileType = sourcecode.swift; path = SearchCell.swift; sourceTree = "<group>"; };
		324089FC2253885C00464729 /* UIImageView.load.swift */ = {isa = PBXFileReference; lastKnownFileType = sourcecode.swift; path = UIImageView.load.swift; sourceTree = "<group>"; };
		324089FF22538A4800464729 /* NetworkError.swift */ = {isa = PBXFileReference; lastKnownFileType = sourcecode.swift; path = NetworkError.swift; sourceTree = "<group>"; };
		3240C5712254DC67003187C4 /* Photo+CoreDataClass.swift */ = {isa = PBXFileReference; lastKnownFileType = sourcecode.swift; name = "Photo+CoreDataClass.swift"; path = "pixabay/CoreData/Photo+CoreDataClass.swift"; sourceTree = "<group>"; };
		3240C5752254DDE0003187C4 /* Photo+CoreDataProperties.swift */ = {isa = PBXFileReference; lastKnownFileType = sourcecode.swift; name = "Photo+CoreDataProperties.swift"; path = "pixabay/CoreData/Photo+CoreDataProperties.swift"; sourceTree = "<group>"; };
		324CF59B2252A2C300B4D536 /* pixabay.app */ = {isa = PBXFileReference; explicitFileType = wrapper.application; includeInIndex = 0; path = pixabay.app; sourceTree = BUILT_PRODUCTS_DIR; };
		324CF59E2252A2C300B4D536 /* AppDelegate.swift */ = {isa = PBXFileReference; lastKnownFileType = sourcecode.swift; path = AppDelegate.swift; sourceTree = "<group>"; };
		324CF5A62252A2C300B4D536 /* pixabay.xcdatamodel */ = {isa = PBXFileReference; lastKnownFileType = wrapper.xcdatamodel; path = pixabay.xcdatamodel; sourceTree = "<group>"; };
		324CF5A82252A2C300B4D536 /* Assets.xcassets */ = {isa = PBXFileReference; lastKnownFileType = folder.assetcatalog; path = Assets.xcassets; sourceTree = "<group>"; };
		324CF5AB2252A2C300B4D536 /* Base */ = {isa = PBXFileReference; lastKnownFileType = file.storyboard; name = Base; path = Base.lproj/LaunchScreen.storyboard; sourceTree = "<group>"; };
		324CF5AD2252A2C300B4D536 /* Info.plist */ = {isa = PBXFileReference; lastKnownFileType = text.plist.xml; path = Info.plist; sourceTree = "<group>"; };
		324CF5B32252A2DB00B4D536 /* Rambafile */ = {isa = PBXFileReference; fileEncoding = 4; lastKnownFileType = text; path = Rambafile; sourceTree = "<group>"; };
		324CF5B52252B17400B4D536 /* Coordinator.swift */ = {isa = PBXFileReference; lastKnownFileType = sourcecode.swift; path = Coordinator.swift; sourceTree = "<group>"; };
		4E86B413585A2D2F2689EAA7 /* SearchViewControllerIO.swift */ = {isa = PBXFileReference; includeInIndex = 1; lastKnownFileType = sourcecode.swift; path = SearchViewControllerIO.swift; sourceTree = "<group>"; };
		62C9ACB69DF609032555312D /* SearchInteractor.swift */ = {isa = PBXFileReference; includeInIndex = 1; lastKnownFileType = sourcecode.swift; path = SearchInteractor.swift; sourceTree = "<group>"; };
		7F180A21DD44F3E1ECB70C87 /* SearchHeader.swift */ = {isa = PBXFileReference; includeInIndex = 1; lastKnownFileType = sourcecode.swift; path = SearchHeader.swift; sourceTree = "<group>"; };
		A98AF74FEDE5C8DF47FA85F5 /* SearchHeaderIO.swift */ = {isa = PBXFileReference; includeInIndex = 1; lastKnownFileType = sourcecode.swift; path = SearchHeaderIO.swift; sourceTree = "<group>"; };
		B6546FA4DA012845BE4A6FE9 /* SearchInteractorIO.swift */ = {isa = PBXFileReference; includeInIndex = 1; lastKnownFileType = sourcecode.swift; path = SearchInteractorIO.swift; sourceTree = "<group>"; };
		B8C2F79F40DE267807680421 /* SearchModel.swift */ = {isa = PBXFileReference; includeInIndex = 1; lastKnownFileType = sourcecode.swift; path = SearchModel.swift; sourceTree = "<group>"; };
/* End PBXFileReference section */

/* Begin PBXFrameworksBuildPhase section */
		324CF5982252A2C300B4D536 /* Frameworks */ = {
			isa = PBXFrameworksBuildPhase;
			buildActionMask = 2147483647;
			files = (
			);
			runOnlyForDeploymentPostprocessing = 0;
		};
/* End PBXFrameworksBuildPhase section */

/* Begin PBXGroup section */
		323F7F4C22537CDF003AED3A /* Cell */ = {
			isa = PBXGroup;
			children = (
				323F7F4D22537CF7003AED3A /* SearchCell.swift */,
			);
			path = Cell;
			sourceTree = "<group>";
		};
		324089FB2253881A00464729 /* Extensions */ = {
			isa = PBXGroup;
			children = (
				324089FC2253885C00464729 /* UIImageView.load.swift */,
			);
			path = Extensions;
			sourceTree = "<group>";
		};
		324089FE22538A2700464729 /* Common */ = {
			isa = PBXGroup;
			children = (
				324089FF22538A4800464729 /* NetworkError.swift */,
			);
			path = Common;
			sourceTree = "<group>";
		};
		324CF5922252A2C300B4D536 = {
			isa = PBXGroup;
			children = (
				3240C5752254DDE0003187C4 /* Photo+CoreDataProperties.swift */,
				3240C5712254DC67003187C4 /* Photo+CoreDataClass.swift */,
				324CF59D2252A2C300B4D536 /* pixabay */,
				324CF5B32252A2DB00B4D536 /* Rambafile */,
				324CF59C2252A2C300B4D536 /* Products */,
			);
			sourceTree = "<group>";
		};
		324CF59C2252A2C300B4D536 /* Products */ = {
			isa = PBXGroup;
			children = (
				324CF59B2252A2C300B4D536 /* pixabay.app */,
			);
			name = Products;
			sourceTree = "<group>";
		};
		324CF59D2252A2C300B4D536 /* pixabay */ = {
			isa = PBXGroup;
			children = (
				324CF5B52252B17400B4D536 /* Coordinator.swift */,
				324CF59E2252A2C300B4D536 /* AppDelegate.swift */,
				2F0CD52EE1A9F2096AA38139 /* AppNavigationController.swift */,
				324CF5A82252A2C300B4D536 /* Assets.xcassets */,
				324CF5AA2252A2C300B4D536 /* LaunchScreen.storyboard */,
				324CF5AD2252A2C300B4D536 /* Info.plist */,
				324CF5A52252A2C300B4D536 /* pixabay.xcdatamodeld */,
				324089FE22538A2700464729 /* Common */,
				324089FB2253881A00464729 /* Extensions */,
				7517C1B08617BA770F526D32 /* Modules */,
			);
			path = pixabay;
			sourceTree = "<group>";
		};
		53E9A93A46FE8236D00A19EB /* Header */ = {
			isa = PBXGroup;
			children = (
				A98AF74FEDE5C8DF47FA85F5 /* SearchHeaderIO.swift */,
				7F180A21DD44F3E1ECB70C87 /* SearchHeader.swift */,
			);
			path = Header;
			sourceTree = "<group>";
		};
		74D38C5580311D60E7AA56FC /* Model */ = {
			isa = PBXGroup;
			children = (
				B8C2F79F40DE267807680421 /* SearchModel.swift */,
			);
			path = Model;
			sourceTree = "<group>";
		};
		7517C1B08617BA770F526D32 /* Modules */ = {
			isa = PBXGroup;
			children = (
				E7D463D9594FF2B3A872D4EE /* Search */,
			);
			path = Modules;
			sourceTree = "<group>";
		};
		D235053E56C7BED6D5A13448 /* ViewController */ = {
			isa = PBXGroup;
			children = (
				4E86B413585A2D2F2689EAA7 /* SearchViewControllerIO.swift */,
				060CE16786F415BFAF1B83F1 /* SearchViewController.swift */,
			);
			path = ViewController;
			sourceTree = "<group>";
		};
		E7D463D9594FF2B3A872D4EE /* Search */ = {
			isa = PBXGroup;
			children = (
				323F7F4C22537CDF003AED3A /* Cell */,
				53E9A93A46FE8236D00A19EB /* Header */,
				74D38C5580311D60E7AA56FC /* Model */,
				F7E93EB30490D7AE63EFDDE4 /* Presenter */,
				FDB31386E441FB504B171A1A /* Interactor */,
				D235053E56C7BED6D5A13448 /* ViewController */,
			);
			path = Search;
			sourceTree = "<group>";
		};
		F7E93EB30490D7AE63EFDDE4 /* Presenter */ = {
			isa = PBXGroup;
			children = (
				1037901C956BABA47C0A36E4 /* SearchPresenter.swift */,
			);
			path = Presenter;
			sourceTree = "<group>";
		};
		FDB31386E441FB504B171A1A /* Interactor */ = {
			isa = PBXGroup;
			children = (
				B6546FA4DA012845BE4A6FE9 /* SearchInteractorIO.swift */,
				62C9ACB69DF609032555312D /* SearchInteractor.swift */,
			);
			path = Interactor;
			sourceTree = "<group>";
		};
/* End PBXGroup section */

/* Begin PBXNativeTarget section */
		324CF59A2252A2C300B4D536 /* pixabay */ = {
			isa = PBXNativeTarget;
			buildConfigurationList = 324CF5B02252A2C300B4D536 /* Build configuration list for PBXNativeTarget "pixabay" */;
			buildPhases = (
				324CF5972252A2C300B4D536 /* Sources */,
				324CF5982252A2C300B4D536 /* Frameworks */,
				324CF5992252A2C300B4D536 /* Resources */,
			);
			buildRules = (
			);
			dependencies = (
			);
			name = pixabay;
			productName = pixabay;
			productReference = 324CF59B2252A2C300B4D536 /* pixabay.app */;
			productType = "com.apple.product-type.application";
		};
/* End PBXNativeTarget section */

/* Begin PBXProject section */
		324CF5932252A2C300B4D536 /* Project object */ = {
			isa = PBXProject;
			attributes = {
				LastSwiftUpdateCheck = 1020;
				LastUpgradeCheck = 1020;
				ORGANIZATIONNAME = "Dmitriy Zadoroghnyy";
				TargetAttributes = {
					324CF59A2252A2C300B4D536 = {
						CreatedOnToolsVersion = 10.2;
						ProvisioningStyle = Automatic;
					};
				};
			};
			buildConfigurationList = 324CF5962252A2C300B4D536 /* Build configuration list for PBXProject "pixabay" */;
			compatibilityVersion = "Xcode 8.0";
			developmentRegion = en;
			hasScannedForEncodings = 0;
			knownRegions = (
				en,
				Base,
			);
			mainGroup = 324CF5922252A2C300B4D536;
			productRefGroup = 324CF59C2252A2C300B4D536 /* Products */;
			projectDirPath = "";
			projectRoot = "";
			targets = (
				324CF59A2252A2C300B4D536 /* pixabay */,
			);
		};
/* End PBXProject section */

/* Begin PBXResourcesBuildPhase section */
		324CF5992252A2C300B4D536 /* Resources */ = {
			isa = PBXResourcesBuildPhase;
			buildActionMask = 2147483647;
			files = (
				324CF5AC2252A2C300B4D536 /* LaunchScreen.storyboard in Resources */,
				324CF5A92252A2C300B4D536 /* Assets.xcassets in Resources */,
			);
			runOnlyForDeploymentPostprocessing = 0;
		};
/* End PBXResourcesBuildPhase section */

/* Begin PBXSourcesBuildPhase section */
		324CF5972252A2C300B4D536 /* Sources */ = {
			isa = PBXSourcesBuildPhase;
			buildActionMask = 2147483647;
			files = (
				323F7F4E22537CF7003AED3A /* SearchCell.swift in Sources */,
				324CF59F2252A2C300B4D536 /* AppDelegate.swift in Sources */,
				3240C5732254DC67003187C4 /* Photo+CoreDataClass.swift in Sources */,
				324CF5A72252A2C300B4D536 /* pixabay.xcdatamodeld in Sources */,
				DB6A457549ECBAC65564E117 /* SearchHeaderIO.swift in Sources */,
				3240C5762254DDE0003187C4 /* Photo+CoreDataProperties.swift in Sources */,
				7E7174C04D31BB53294CF17C /* SearchHeader.swift in Sources */,
				E56E9C54DF76DA0DD7D38014 /* SearchModel.swift in Sources */,
				E3A0DC557E4F9EB38C954F7D /* SearchPresenter.swift in Sources */,
				7AEB4F5DE066A85388578027 /* SearchInteractorIO.swift in Sources */,
				324CF5B62252B17400B4D536 /* Coordinator.swift in Sources */,
				32408A0022538A4800464729 /* NetworkError.swift in Sources */,
				F0185CE29F2B4565F0423B2C /* SearchInteractor.swift in Sources */,
				06CDC3104358130281A2462B /* SearchViewControllerIO.swift in Sources */,
				324089FD2253885C00464729 /* UIImageView.load.swift in Sources */,
				DD8E0C1D04BD9C6007312FFA /* SearchViewController.swift in Sources */,
				2F0CD0A1ECEB9F73D12B170A /* AppNavigationController.swift in Sources */,
			);
			runOnlyForDeploymentPostprocessing = 0;
		};
/* End PBXSourcesBuildPhase section */

/* Begin PBXVariantGroup section */
		324CF5AA2252A2C300B4D536 /* LaunchScreen.storyboard */ = {
			isa = PBXVariantGroup;
			children = (
				324CF5AB2252A2C300B4D536 /* Base */,
			);
			name = LaunchScreen.storyboard;
			sourceTree = "<group>";
		};
/* End PBXVariantGroup section */

/* Begin XCBuildConfiguration section */
		324CF5AE2252A2C300B4D536 /* Debug */ = {
			isa = XCBuildConfiguration;
			buildSettings = {
				ALWAYS_SEARCH_USER_PATHS = NO;
				CLANG_ANALYZER_NONNULL = YES;
				CLANG_ANALYZER_NUMBER_OBJECT_CONVERSION = YES_AGGRESSIVE;
				CLANG_CXX_LANGUAGE_STANDARD = "gnu++14";
				CLANG_CXX_LIBRARY = "libc++";
				CLANG_ENABLE_MODULES = YES;
				CLANG_ENABLE_OBJC_ARC = YES;
				CLANG_ENABLE_OBJC_WEAK = YES;
				CLANG_WARN_BLOCK_CAPTURE_AUTORELEASING = YES;
				CLANG_WARN_BOOL_CONVERSION = YES;
				CLANG_WARN_COMMA = YES;
				CLANG_WARN_CONSTANT_CONVERSION = YES;
				CLANG_WARN_DEPRECATED_OBJC_IMPLEMENTATIONS = YES;
				CLANG_WARN_DIRECT_OBJC_ISA_USAGE = YES_ERROR;
				CLANG_WARN_DOCUMENTATION_COMMENTS = YES;
				CLANG_WARN_EMPTY_BODY = YES;
				CLANG_WARN_ENUM_CONVERSION = YES;
				CLANG_WARN_INFINITE_RECURSION = YES;
				CLANG_WARN_INT_CONVERSION = YES;
				CLANG_WARN_NON_LITERAL_NULL_CONVERSION = YES;
				CLANG_WARN_OBJC_IMPLICIT_RETAIN_SELF = YES;
				CLANG_WARN_OBJC_LITERAL_CONVERSION = YES;
				CLANG_WARN_OBJC_ROOT_CLASS = YES_ERROR;
				CLANG_WARN_RANGE_LOOP_ANALYSIS = YES;
				CLANG_WARN_STRICT_PROTOTYPES = YES;
				CLANG_WARN_SUSPICIOUS_MOVE = YES;
				CLANG_WARN_UNGUARDED_AVAILABILITY = YES_AGGRESSIVE;
				CLANG_WARN_UNREACHABLE_CODE = YES;
				CLANG_WARN__DUPLICATE_METHOD_MATCH = YES;
				CODE_SIGN_IDENTITY = "iPhone Developer";
				COPY_PHASE_STRIP = NO;
				DEBUG_INFORMATION_FORMAT = dwarf;
				ENABLE_STRICT_OBJC_MSGSEND = YES;
				ENABLE_TESTABILITY = YES;
				GCC_C_LANGUAGE_STANDARD = gnu11;
				GCC_DYNAMIC_NO_PIC = NO;
				GCC_NO_COMMON_BLOCKS = YES;
				GCC_OPTIMIZATION_LEVEL = 0;
				GCC_PREPROCESSOR_DEFINITIONS = (
					"DEBUG=1",
					"$(inherited)",
				);
				GCC_WARN_64_TO_32_BIT_CONVERSION = YES;
				GCC_WARN_ABOUT_RETURN_TYPE = YES_ERROR;
				GCC_WARN_UNDECLARED_SELECTOR = YES;
				GCC_WARN_UNINITIALIZED_AUTOS = YES_AGGRESSIVE;
				GCC_WARN_UNUSED_FUNCTION = YES;
				GCC_WARN_UNUSED_VARIABLE = YES;
				IPHONEOS_DEPLOYMENT_TARGET = 12.2;
				MTL_ENABLE_DEBUG_INFO = INCLUDE_SOURCE;
				MTL_FAST_MATH = YES;
				ONLY_ACTIVE_ARCH = YES;
				SDKROOT = iphoneos;
				SWIFT_ACTIVE_COMPILATION_CONDITIONS = DEBUG;
				SWIFT_OPTIMIZATION_LEVEL = "-Onone";
			};
			name = Debug;
		};
		324CF5AF2252A2C300B4D536 /* Release */ = {
			isa = XCBuildConfiguration;
			buildSettings = {
				ALWAYS_SEARCH_USER_PATHS = NO;
				CLANG_ANALYZER_NONNULL = YES;
				CLANG_ANALYZER_NUMBER_OBJECT_CONVERSION = YES_AGGRESSIVE;
				CLANG_CXX_LANGUAGE_STANDARD = "gnu++14";
				CLANG_CXX_LIBRARY = "libc++";
				CLANG_ENABLE_MODULES = YES;
				CLANG_ENABLE_OBJC_ARC = YES;
				CLANG_ENABLE_OBJC_WEAK = YES;
				CLANG_WARN_BLOCK_CAPTURE_AUTORELEASING = YES;
				CLANG_WARN_BOOL_CONVERSION = YES;
				CLANG_WARN_COMMA = YES;
				CLANG_WARN_CONSTANT_CONVERSION = YES;
				CLANG_WARN_DEPRECATED_OBJC_IMPLEMENTATIONS = YES;
				CLANG_WARN_DIRECT_OBJC_ISA_USAGE = YES_ERROR;
				CLANG_WARN_DOCUMENTATION_COMMENTS = YES;
				CLANG_WARN_EMPTY_BODY = YES;
				CLANG_WARN_ENUM_CONVERSION = YES;
				CLANG_WARN_INFINITE_RECURSION = YES;
				CLANG_WARN_INT_CONVERSION = YES;
				CLANG_WARN_NON_LITERAL_NULL_CONVERSION = YES;
				CLANG_WARN_OBJC_IMPLICIT_RETAIN_SELF = YES;
				CLANG_WARN_OBJC_LITERAL_CONVERSION = YES;
				CLANG_WARN_OBJC_ROOT_CLASS = YES_ERROR;
				CLANG_WARN_RANGE_LOOP_ANALYSIS = YES;
				CLANG_WARN_STRICT_PROTOTYPES = YES;
				CLANG_WARN_SUSPICIOUS_MOVE = YES;
				CLANG_WARN_UNGUARDED_AVAILABILITY = YES_AGGRESSIVE;
				CLANG_WARN_UNREACHABLE_CODE = YES;
				CLANG_WARN__DUPLICATE_METHOD_MATCH = YES;
				CODE_SIGN_IDENTITY = "iPhone Developer";
				COPY_PHASE_STRIP = NO;
				DEBUG_INFORMATION_FORMAT = "dwarf-with-dsym";
				ENABLE_NS_ASSERTIONS = NO;
				ENABLE_STRICT_OBJC_MSGSEND = YES;
				GCC_C_LANGUAGE_STANDARD = gnu11;
				GCC_NO_COMMON_BLOCKS = YES;
				GCC_WARN_64_TO_32_BIT_CONVERSION = YES;
				GCC_WARN_ABOUT_RETURN_TYPE = YES_ERROR;
				GCC_WARN_UNDECLARED_SELECTOR = YES;
				GCC_WARN_UNINITIALIZED_AUTOS = YES_AGGRESSIVE;
				GCC_WARN_UNUSED_FUNCTION = YES;
				GCC_WARN_UNUSED_VARIABLE = YES;
				IPHONEOS_DEPLOYMENT_TARGET = 12.2;
				MTL_ENABLE_DEBUG_INFO = NO;
				MTL_FAST_MATH = YES;
				SDKROOT = iphoneos;
				SWIFT_OPTIMIZATION_LEVEL = "-Owholemodule";
				VALIDATE_PRODUCT = YES;
			};
			name = Release;
		};
		324CF5B12252A2C300B4D536 /* Debug */ = {
			isa = XCBuildConfiguration;
			buildSettings = {
				ASSETCATALOG_COMPILER_APPICON_NAME = AppIcon;
				CODE_SIGN_STYLE = Automatic;
				DEVELOPMENT_TEAM = H5VE5BLW3W;
				INFOPLIST_FILE = pixabay/Info.plist;
				IPHONEOS_DEPLOYMENT_TARGET = 12.0;
				LD_RUNPATH_SEARCH_PATHS = "$(inherited) @executable_path/Frameworks";
				PRODUCT_BUNDLE_IDENTIFIER = net.ipport.pixabay;
				PRODUCT_NAME = "$(TARGET_NAME)";
				SWIFT_VERSION = 5.0;
				TARGETED_DEVICE_FAMILY = "1,2";
			};
			name = Debug;
		};
		324CF5B22252A2C300B4D536 /* Release */ = {
			isa = XCBuildConfiguration;
			buildSettings = {
				ASSETCATALOG_COMPILER_APPICON_NAME = AppIcon;
				CODE_SIGN_STYLE = Automatic;
				DEVELOPMENT_TEAM = H5VE5BLW3W;
				INFOPLIST_FILE = pixabay/Info.plist;
				IPHONEOS_DEPLOYMENT_TARGET = 12.0;
				LD_RUNPATH_SEARCH_PATHS = "$(inherited) @executable_path/Frameworks";
				PRODUCT_BUNDLE_IDENTIFIER = net.ipport.pixabay;
				PRODUCT_NAME = "$(TARGET_NAME)";
				SWIFT_VERSION = 5.0;
				TARGETED_DEVICE_FAMILY = "1,2";
			};
			name = Release;
		};
/* End XCBuildConfiguration section */

/* Begin XCConfigurationList section */
		324CF5962252A2C300B4D536 /* Build configuration list for PBXProject "pixabay" */ = {
			isa = XCConfigurationList;
			buildConfigurations = (
				324CF5AE2252A2C300B4D536 /* Debug */,
				324CF5AF2252A2C300B4D536 /* Release */,
			);
			defaultConfigurationIsVisible = 0;
			defaultConfigurationName = Release;
		};
		324CF5B02252A2C300B4D536 /* Build configuration list for PBXNativeTarget "pixabay" */ = {
			isa = XCConfigurationList;
			buildConfigurations = (
				324CF5B12252A2C300B4D536 /* Debug */,
				324CF5B22252A2C300B4D536 /* Release */,
			);
			defaultConfigurationIsVisible = 0;
			defaultConfigurationName = Release;
		};
/* End XCConfigurationList section */

/* Begin XCVersionGroup section */
		324CF5A52252A2C300B4D536 /* pixabay.xcdatamodeld */ = {
			isa = XCVersionGroup;
			children = (
				324CF5A62252A2C300B4D536 /* pixabay.xcdatamodel */,
			);
			currentVersion = 324CF5A62252A2C300B4D536 /* pixabay.xcdatamodel */;
			path = pixabay.xcdatamodeld;
			sourceTree = "<group>";
			versionGroupType = wrapper.xcdatamodel;
		};
/* End XCVersionGroup section */
	};
	rootObject = 324CF5932252A2C300B4D536 /* Project object */;
}
